
Microsoft Visual Studio Solution File, Format Version 12.00
# Visual Studio Version 17
VisualStudioVersion = 17.5.33424.131
MinimumVisualStudioVersion = 10.0.40219.1
Project("{9A19103F-16F7-4668-BE54-9A1E7A4F7556}") = "AzureIPNetworksGenerator", "AzureIPNetworksGenerator\AzureIPNetworksGenerator.csproj", "{C9CDEA03-95FC-4417-A56C-7566892917D6}"
EndProject
Project("{9A19103F-16F7-4668-BE54-9A1E7A4F7556}") = "AzureIPNetworks", "AzureIPNetworks\AzureIPNetworks.csproj", "{0C638594-10E2-42AF-9A29-B18E27B399B5}"
EndProject
Project("{9A19103F-16F7-4668-BE54-9A1E7A4F7556}") = "AzureIPNetworks.Tests", "AzureIPNetworks.Tests\AzureIPNetworks.Tests.csproj", "{70AC673B-F787-4765-BB3B-40E25E26F10E}"
EndProject
Project("{FAE04EC0-301F-11D3-BF4B-00C04F79EFBC}") = "AzureIPNetworksDownloader", "AzureIPNetworksDownloader\AzureIPNetworksDownloader.csproj", "{31AD7FFA-8E74-498A-81A7-F04E6947AD2D}"
EndProject
Global
	GlobalSection(SolutionConfigurationPlatforms) = preSolution
		Debug|Any CPU = Debug|Any CPU
		Release|Any CPU = Release|Any CPU
	EndGlobalSection
	GlobalSection(ProjectConfigurationPlatforms) = postSolution
		{C9CDEA03-95FC-4417-A56C-7566892917D6}.Debug|Any CPU.ActiveCfg = Debug|Any CPU
		{C9CDEA03-95FC-4417-A56C-7566892917D6}.Debug|Any CPU.Build.0 = Debug|Any CPU
		{C9CDEA03-95FC-4417-A56C-7566892917D6}.Release|Any CPU.ActiveCfg = Release|Any CPU
		{C9CDEA03-95FC-4417-A56C-7566892917D6}.Release|Any CPU.Build.0 = Release|Any CPU
		{0C638594-10E2-42AF-9A29-B18E27B399B5}.Debug|Any CPU.ActiveCfg = Debug|Any CPU
		{0C638594-10E2-42AF-9A29-B18E27B399B5}.Debug|Any CPU.Build.0 = Debug|Any CPU
		{0C638594-10E2-42AF-9A29-B18E27B399B5}.Release|Any CPU.ActiveCfg = Release|Any CPU
		{0C638594-10E2-42AF-9A29-B18E27B399B5}.Release|Any CPU.Build.0 = Release|Any CPU
		{70AC673B-F787-4765-BB3B-40E25E26F10E}.Debug|Any CPU.ActiveCfg = Debug|Any CPU
		{70AC673B-F787-4765-BB3B-40E25E26F10E}.Debug|Any CPU.Build.0 = Debug|Any CPU
		{70AC673B-F787-4765-BB3B-40E25E26F10E}.Release|Any CPU.ActiveCfg = Release|Any CPU
		{70AC673B-F787-4765-BB3B-40E25E26F10E}.Release|Any CPU.Build.0 = Release|Any CPU
		{31AD7FFA-8E74-498A-81A7-F04E6947AD2D}.Debug|Any CPU.ActiveCfg = Debug|Any CPU
		{31AD7FFA-8E74-498A-81A7-F04E6947AD2D}.Debug|Any CPU.Build.0 = Debug|Any CPU
		{31AD7FFA-8E74-498A-81A7-F04E6947AD2D}.Release|Any CPU.ActiveCfg = Release|Any CPU
		{31AD7FFA-8E74-498A-81A7-F04E6947AD2D}.Release|Any CPU.Build.0 = Release|Any CPU
	EndGlobalSection
	GlobalSection(SolutionProperties) = preSolution
		HideSolutionNode = FALSE
	EndGlobalSection
	GlobalSection(ExtensibilityGlobals) = postSolution
		SolutionGuid = {74D740D4-7214-4921-B47C-8E1CBD358229}
	EndGlobalSection
EndGlobal
